
Microsoft Visual Studio Solution File, Format Version 12.00
# Visual Studio Version 17
VisualStudioVersion = 17.14.36127.28 d17.14
MinimumVisualStudioVersion = 10.0.40219.1
Project("{FAE04EC0-301F-11D3-BF4B-00C04F79EFBC}") = "RatioOutlineEffect", "RatioOutlineEffect\RatioOutlineEffect.csproj", "{AA077952-B8CA-492E-A08F-C245C7375600}"
EndProject
Global
	GlobalSection(SolutionConfigurationPlatforms) = preSolution
		Debug|Any CPU = Debug|Any CPU
		Release|Any CPU = Release|Any CPU
	EndGlobalSection
	GlobalSection(ProjectConfigurationPlatforms) = postSolution
		{AA077952-B8CA-492E-A08F-C245C7375600}.Debug|Any CPU.ActiveCfg = Debug|Any CPU
		{AA077952-B8CA-492E-A08F-C245C7375600}.Debug|Any CPU.Build.0 = Debug|Any CPU
		{AA077952-B8CA-492E-A08F-C245C7375600}.Release|Any CPU.ActiveCfg = Release|Any CPU
		{AA077952-B8CA-492E-A08F-C245C7375600}.Release|Any CPU.Build.0 = Release|Any CPU
	EndGlobalSection
	GlobalSection(SolutionProperties) = preSolution
		HideSolutionNode = FALSE
	EndGlobalSection
	GlobalSection(ExtensibilityGlobals) = postSolution
		SolutionGuid = {B8FCF636-3D4B-4F18-873E-8740561F33D3}
	EndGlobalSection
EndGlobal
